// !$*UTF8*$!
{
	archiveVersion = 1;
	classes = {
	};
	objectVersion = 55;
	objects = {

/* Begin PBXBuildFile section */
		F406A93E29352B000003C8A2 /* GoogleService-Info.plist in Resources */ = {isa = PBXBuildFile; fileRef = F406A93D29352B000003C8A2 /* GoogleService-Info.plist */; };
		F478C63828E889000090292F /* firstTestApp.swift in Sources */ = {isa = PBXBuildFile; fileRef = F478C63728E889000090292F /* firstTestApp.swift */; };
		F478C63A28E889000090292F /* LoginView.swift in Sources */ = {isa = PBXBuildFile; fileRef = F478C63928E889000090292F /* LoginView.swift */; };
		F478C63C28E889010090292F /* Assets.xcassets in Resources */ = {isa = PBXBuildFile; fileRef = F478C63B28E889010090292F /* Assets.xcassets */; };
		F478C63F28E889010090292F /* Preview Assets.xcassets in Resources */ = {isa = PBXBuildFile; fileRef = F478C63E28E889010090292F /* Preview Assets.xcassets */; };
		F49810E72916830200680568 /* Lesson1View.swift in Sources */ = {isa = PBXBuildFile; fileRef = F49810E62916830200680568 /* Lesson1View.swift */; };
		F49810E92916830F00680568 /* Lesson2View.swift in Sources */ = {isa = PBXBuildFile; fileRef = F49810E82916830F00680568 /* Lesson2View.swift */; };
		F49810EB29168DF100680568 /* Quiz2View.swift in Sources */ = {isa = PBXBuildFile; fileRef = F49810EA29168DF100680568 /* Quiz2View.swift */; };
		F49810ED29168E1300680568 /* Quiz3View.swift in Sources */ = {isa = PBXBuildFile; fileRef = F49810EC29168E1300680568 /* Quiz3View.swift */; };
		F49EFBE4290B1BBB00B32086 /* Lesson0View.swift in Sources */ = {isa = PBXBuildFile; fileRef = F49EFBE3290B1BBB00B32086 /* Lesson0View.swift */; };
		F49EFBE7290B352A00B32086 /* Quiz0View.swift in Sources */ = {isa = PBXBuildFile; fileRef = F49EFBE6290B352A00B32086 /* Quiz0View.swift */; };
		F4A24DC02998175F00CBDF56 /* TextStyles.swift in Sources */ = {isa = PBXBuildFile; fileRef = F4A24DBF2998175F00CBDF56 /* TextStyles.swift */; };
		F4A24DC22998467F00CBDF56 /* InteractiveViews.swift in Sources */ = {isa = PBXBuildFile; fileRef = F4A24DC12998467F00CBDF56 /* InteractiveViews.swift */; };
		F4A24DC42999160A00CBDF56 /* AcademicWritingViews.swift in Sources */ = {isa = PBXBuildFile; fileRef = F4A24DC32999160A00CBDF56 /* AcademicWritingViews.swift */; };
		F4A24DC7299A45DB00CBDF56 /* CodeViewer in Frameworks */ = {isa = PBXBuildFile; productRef = F4A24DC6299A45DB00CBDF56 /* CodeViewer */; };
		F4A24DCA299A46F200CBDF56 /* RichTextView in Frameworks */ = {isa = PBXBuildFile; productRef = F4A24DC9299A46F200CBDF56 /* RichTextView */; };
		F4A24DD0299D230C00CBDF56 /* SequenceIntroExp.swift in Sources */ = {isa = PBXBuildFile; fileRef = F4A24DCF299D230C00CBDF56 /* SequenceIntroExp.swift */; };
		F4A4ACD32919AAA20012522F /* LessonModel.swift in Sources */ = {isa = PBXBuildFile; fileRef = F4A4ACD22919AAA20012522F /* LessonModel.swift */; };
		F4A4ACD52919AB190012522F /* LessonManager.swift in Sources */ = {isa = PBXBuildFile; fileRef = F4A4ACD42919AB190012522F /* LessonManager.swift */; };
		F4A4ACD72919AD760012522F /* LessonSelectView.swift in Sources */ = {isa = PBXBuildFile; fileRef = F4A4ACD62919AD760012522F /* LessonSelectView.swift */; };
		F4F04A132906D93F00DD05D9 /* ImagePicker.swift in Sources */ = {isa = PBXBuildFile; fileRef = F4F04A122906D93F00DD05D9 /* ImagePicker.swift */; };
		F4F04A162906E84700DD05D9 /* LandingPage.swift in Sources */ = {isa = PBXBuildFile; fileRef = F4F04A152906E84700DD05D9 /* LandingPage.swift */; };
		F4F04A182906EC4200DD05D9 /* ProfileView.swift in Sources */ = {isa = PBXBuildFile; fileRef = F4F04A172906EC4200DD05D9 /* ProfileView.swift */; };
		F4F04A1D2907DF8800DD05D9 /* FirebaseAuth in Frameworks */ = {isa = PBXBuildFile; productRef = F4F04A1C2907DF8800DD05D9 /* FirebaseAuth */; };
		F4F04A1F2907DF8800DD05D9 /* FirebaseFirestoreSwift in Frameworks */ = {isa = PBXBuildFile; productRef = F4F04A1E2907DF8800DD05D9 /* FirebaseFirestoreSwift */; };
		F4F04A212907DF8800DD05D9 /* FirebaseStorage in Frameworks */ = {isa = PBXBuildFile; productRef = F4F04A202907DF8800DD05D9 /* FirebaseStorage */; };
		F4F04A23290894A000DD05D9 /* QuizView.swift in Sources */ = {isa = PBXBuildFile; fileRef = F4F04A22290894A000DD05D9 /* QuizView.swift */; };
		F4F04A262909133200DD05D9 /* QuizManager.swift in Sources */ = {isa = PBXBuildFile; fileRef = F4F04A252909133200DD05D9 /* QuizManager.swift */; };
		F4F04A28290913CD00DD05D9 /* QuizModel.swift in Sources */ = {isa = PBXBuildFile; fileRef = F4F04A27290913CD00DD05D9 /* QuizModel.swift */; };
		F4F04A2B2909174700DD05D9 /* QuizOptionGridView.swift in Sources */ = {isa = PBXBuildFile; fileRef = F4F04A2A2909174700DD05D9 /* QuizOptionGridView.swift */; };
		F4F04A2D290926E600DD05D9 /* QuizCompletedView.swift in Sources */ = {isa = PBXBuildFile; fileRef = F4F04A2C290926E600DD05D9 /* QuizCompletedView.swift */; };
/* End PBXBuildFile section */

/* Begin PBXFileReference section */
		F406A93D29352B000003C8A2 /* GoogleService-Info.plist */ = {isa = PBXFileReference; fileEncoding = 4; lastKnownFileType = text.plist.xml; name = "GoogleService-Info.plist"; path = "../../../../../Downloads/GoogleService-Info.plist"; sourceTree = "<group>"; };
		F478C63428E889000090292F /* firstTest.app */ = {isa = PBXFileReference; explicitFileType = wrapper.application; includeInIndex = 0; path = firstTest.app; sourceTree = BUILT_PRODUCTS_DIR; };
		F478C63728E889000090292F /* firstTestApp.swift */ = {isa = PBXFileReference; lastKnownFileType = sourcecode.swift; path = firstTestApp.swift; sourceTree = "<group>"; };
		F478C63928E889000090292F /* LoginView.swift */ = {isa = PBXFileReference; lastKnownFileType = sourcecode.swift; path = LoginView.swift; sourceTree = "<group>"; };
		F478C63B28E889010090292F /* Assets.xcassets */ = {isa = PBXFileReference; lastKnownFileType = folder.assetcatalog; path = Assets.xcassets; sourceTree = "<group>"; };
		F478C63E28E889010090292F /* Preview Assets.xcassets */ = {isa = PBXFileReference; lastKnownFileType = folder.assetcatalog; path = "Preview Assets.xcassets"; sourceTree = "<group>"; };
		F49810E62916830200680568 /* Lesson1View.swift */ = {isa = PBXFileReference; lastKnownFileType = sourcecode.swift; path = Lesson1View.swift; sourceTree = "<group>"; };
		F49810E82916830F00680568 /* Lesson2View.swift */ = {isa = PBXFileReference; lastKnownFileType = sourcecode.swift; path = Lesson2View.swift; sourceTree = "<group>"; };
		F49810EA29168DF100680568 /* Quiz2View.swift */ = {isa = PBXFileReference; lastKnownFileType = sourcecode.swift; path = Quiz2View.swift; sourceTree = "<group>"; };
		F49810EC29168E1300680568 /* Quiz3View.swift */ = {isa = PBXFileReference; lastKnownFileType = sourcecode.swift; path = Quiz3View.swift; sourceTree = "<group>"; };
		F49EFBE3290B1BBB00B32086 /* Lesson0View.swift */ = {isa = PBXFileReference; lastKnownFileType = sourcecode.swift; path = Lesson0View.swift; sourceTree = "<group>"; };
		F49EFBE6290B352A00B32086 /* Quiz0View.swift */ = {isa = PBXFileReference; lastKnownFileType = sourcecode.swift; path = Quiz0View.swift; sourceTree = "<group>"; };
		F4A24DBF2998175F00CBDF56 /* TextStyles.swift */ = {isa = PBXFileReference; lastKnownFileType = sourcecode.swift; path = TextStyles.swift; sourceTree = "<group>"; };
		F4A24DC12998467F00CBDF56 /* InteractiveViews.swift */ = {isa = PBXFileReference; lastKnownFileType = sourcecode.swift; path = InteractiveViews.swift; sourceTree = "<group>"; };
		F4A24DC32999160A00CBDF56 /* AcademicWritingViews.swift */ = {isa = PBXFileReference; lastKnownFileType = sourcecode.swift; path = AcademicWritingViews.swift; sourceTree = "<group>"; };
		F4A24DCF299D230C00CBDF56 /* SequenceIntroExp.swift */ = {isa = PBXFileReference; lastKnownFileType = sourcecode.swift; path = SequenceIntroExp.swift; sourceTree = "<group>"; };
		F4A4ACD22919AAA20012522F /* LessonModel.swift */ = {isa = PBXFileReference; lastKnownFileType = sourcecode.swift; path = LessonModel.swift; sourceTree = "<group>"; };
		F4A4ACD42919AB190012522F /* LessonManager.swift */ = {isa = PBXFileReference; lastKnownFileType = sourcecode.swift; path = LessonManager.swift; sourceTree = "<group>"; };
		F4A4ACD62919AD760012522F /* LessonSelectView.swift */ = {isa = PBXFileReference; lastKnownFileType = sourcecode.swift; path = LessonSelectView.swift; sourceTree = "<group>"; };
		F4F04A122906D93F00DD05D9 /* ImagePicker.swift */ = {isa = PBXFileReference; lastKnownFileType = sourcecode.swift; path = ImagePicker.swift; sourceTree = "<group>"; };
		F4F04A152906E84700DD05D9 /* LandingPage.swift */ = {isa = PBXFileReference; lastKnownFileType = sourcecode.swift; path = LandingPage.swift; sourceTree = "<group>"; };
		F4F04A172906EC4200DD05D9 /* ProfileView.swift */ = {isa = PBXFileReference; lastKnownFileType = sourcecode.swift; path = ProfileView.swift; sourceTree = "<group>"; };
		F4F04A22290894A000DD05D9 /* QuizView.swift */ = {isa = PBXFileReference; lastKnownFileType = sourcecode.swift; path = QuizView.swift; sourceTree = "<group>"; };
		F4F04A252909133200DD05D9 /* QuizManager.swift */ = {isa = PBXFileReference; lastKnownFileType = sourcecode.swift; path = QuizManager.swift; sourceTree = "<group>"; };
		F4F04A27290913CD00DD05D9 /* QuizModel.swift */ = {isa = PBXFileReference; lastKnownFileType = sourcecode.swift; path = QuizModel.swift; sourceTree = "<group>"; };
		F4F04A2A2909174700DD05D9 /* QuizOptionGridView.swift */ = {isa = PBXFileReference; lastKnownFileType = sourcecode.swift; path = QuizOptionGridView.swift; sourceTree = "<group>"; };
		F4F04A2C290926E600DD05D9 /* QuizCompletedView.swift */ = {isa = PBXFileReference; lastKnownFileType = sourcecode.swift; path = QuizCompletedView.swift; sourceTree = "<group>"; };
/* End PBXFileReference section */

/* Begin PBXFrameworksBuildPhase section */
		F478C63128E889000090292F /* Frameworks */ = {
			isa = PBXFrameworksBuildPhase;
			buildActionMask = 2147483647;
			files = (
				F4F04A1D2907DF8800DD05D9 /* FirebaseAuth in Frameworks */,
				F4A24DCA299A46F200CBDF56 /* RichTextView in Frameworks */,
				F4F04A1F2907DF8800DD05D9 /* FirebaseFirestoreSwift in Frameworks */,
				F4F04A212907DF8800DD05D9 /* FirebaseStorage in Frameworks */,
				F4A24DC7299A45DB00CBDF56 /* CodeViewer in Frameworks */,
			);
			runOnlyForDeploymentPostprocessing = 0;
		};
/* End PBXFrameworksBuildPhase section */

/* Begin PBXGroup section */
		F478C62B28E889000090292F = {
			isa = PBXGroup;
			children = (
				F4A24DCC299D22B100CBDF56 /* QuestionExplanations */,
				F49EFBE5290B351C00B32086 /* Quizes */,
				F49EFBE2290B1BA800B32086 /* Lessons */,
				F4F04A292909172C00DD05D9 /* UIComponents */,
				F4F04A242909131A00DD05D9 /* Models */,
				F4F04A142906E82100DD05D9 /* LandingPage */,
				F478C63628E889000090292F /* firstTest */,
				F478C63528E889000090292F /* Products */,
			);
			sourceTree = "<group>";
		};
		F478C63528E889000090292F /* Products */ = {
			isa = PBXGroup;
			children = (
				F478C63428E889000090292F /* firstTest.app */,
			);
			name = Products;
			sourceTree = "<group>";
		};
		F478C63628E889000090292F /* firstTest */ = {
			isa = PBXGroup;
			children = (
				F478C63728E889000090292F /* firstTestApp.swift */,
				F406A93D29352B000003C8A2 /* GoogleService-Info.plist */,
				F478C63928E889000090292F /* LoginView.swift */,
				F478C63B28E889010090292F /* Assets.xcassets */,
				F4F04A122906D93F00DD05D9 /* ImagePicker.swift */,
				F478C63D28E889010090292F /* Preview Content */,
			);
			path = firstTest;
			sourceTree = "<group>";
		};
		F478C63D28E889010090292F /* Preview Content */ = {
			isa = PBXGroup;
			children = (
				F478C63E28E889010090292F /* Preview Assets.xcassets */,
			);
			path = "Preview Content";
			sourceTree = "<group>";
		};
		F49EFBE2290B1BA800B32086 /* Lessons */ = {
			isa = PBXGroup;
			children = (
				F49EFBE3290B1BBB00B32086 /* Lesson0View.swift */,
				F49810E62916830200680568 /* Lesson1View.swift */,
				F49810E82916830F00680568 /* Lesson2View.swift */,
			);
			path = Lessons;
			sourceTree = "<group>";
		};
		F49EFBE5290B351C00B32086 /* Quizes */ = {
			isa = PBXGroup;
			children = (
				F49EFBE6290B352A00B32086 /* Quiz0View.swift */,
				F49810EA29168DF100680568 /* Quiz2View.swift */,
				F49810EC29168E1300680568 /* Quiz3View.swift */,
			);
			path = Quizes;
			sourceTree = "<group>";
		};
		F4A24DCC299D22B100CBDF56 /* QuestionExplanations */ = {
			isa = PBXGroup;
			children = (
				F4A24DCF299D230C00CBDF56 /* SequenceIntroExp.swift */,
			);
			path = QuestionExplanations;
			sourceTree = "<group>";
		};
		F4F04A142906E82100DD05D9 /* LandingPage */ = {
			isa = PBXGroup;
			children = (
				F4F04A152906E84700DD05D9 /* LandingPage.swift */,
				F4F04A172906EC4200DD05D9 /* ProfileView.swift */,
				F4F04A22290894A000DD05D9 /* QuizView.swift */,
				F4A4ACD62919AD760012522F /* LessonSelectView.swift */,
			);
			path = LandingPage;
			sourceTree = "<group>";
		};
		F4F04A242909131A00DD05D9 /* Models */ = {
			isa = PBXGroup;
			children = (
				F4F04A252909133200DD05D9 /* QuizManager.swift */,
				F4F04A27290913CD00DD05D9 /* QuizModel.swift */,
				F4A4ACD22919AAA20012522F /* LessonModel.swift */,
				F4A4ACD42919AB190012522F /* LessonManager.swift */,
			);
			path = Models;
			sourceTree = "<group>";
		};
		F4F04A292909172C00DD05D9 /* UIComponents */ = {
			isa = PBXGroup;
			children = (
				F4F04A2A2909174700DD05D9 /* QuizOptionGridView.swift */,
				F4F04A2C290926E600DD05D9 /* QuizCompletedView.swift */,
				F4A24DBF2998175F00CBDF56 /* TextStyles.swift */,
				F4A24DC12998467F00CBDF56 /* InteractiveViews.swift */,
				F4A24DC32999160A00CBDF56 /* AcademicWritingViews.swift */,
			);
			path = UIComponents;
			sourceTree = "<group>";
		};
/* End PBXGroup section */

/* Begin PBXNativeTarget section */
		F478C63328E889000090292F /* firstTest */ = {
			isa = PBXNativeTarget;
			buildConfigurationList = F478C64228E889010090292F /* Build configuration list for PBXNativeTarget "firstTest" */;
			buildPhases = (
				F478C63028E889000090292F /* Sources */,
				F478C63128E889000090292F /* Frameworks */,
				F478C63228E889000090292F /* Resources */,
			);
			buildRules = (
			);
			dependencies = (
			);
			name = firstTest;
			packageProductDependencies = (
				F4F04A1C2907DF8800DD05D9 /* FirebaseAuth */,
				F4F04A1E2907DF8800DD05D9 /* FirebaseFirestoreSwift */,
				F4F04A202907DF8800DD05D9 /* FirebaseStorage */,
				F4A24DC6299A45DB00CBDF56 /* CodeViewer */,
				F4A24DC9299A46F200CBDF56 /* RichTextView */,
			);
			productName = firstTest;
			productReference = F478C63428E889000090292F /* firstTest.app */;
			productType = "com.apple.product-type.application";
		};
/* End PBXNativeTarget section */

/* Begin PBXProject section */
		F478C62C28E889000090292F /* Project object */ = {
			isa = PBXProject;
			attributes = {
				BuildIndependentTargetsInParallel = 1;
				LastSwiftUpdateCheck = 1340;
				LastUpgradeCheck = 1340;
				TargetAttributes = {
					F478C63328E889000090292F = {
						CreatedOnToolsVersion = 13.4.1;
					};
				};
			};
			buildConfigurationList = F478C62F28E889000090292F /* Build configuration list for PBXProject "firstTest" */;
			compatibilityVersion = "Xcode 13.0";
			developmentRegion = en;
			hasScannedForEncodings = 0;
			knownRegions = (
				en,
				Base,
			);
			mainGroup = F478C62B28E889000090292F;
			packageReferences = (
				F4F04A1B2907DF8800DD05D9 /* XCRemoteSwiftPackageReference "firebase-ios-sdk" */,
				F4A24DC5299A45DB00CBDF56 /* XCRemoteSwiftPackageReference "CodeViewer" */,
				F4A24DC8299A46F200CBDF56 /* XCRemoteSwiftPackageReference "RichTextView" */,
			);
			productRefGroup = F478C63528E889000090292F /* Products */;
			projectDirPath = "";
			projectRoot = "";
			targets = (
				F478C63328E889000090292F /* firstTest */,
			);
		};
/* End PBXProject section */

/* Begin PBXResourcesBuildPhase section */
		F478C63228E889000090292F /* Resources */ = {
			isa = PBXResourcesBuildPhase;
			buildActionMask = 2147483647;
			files = (
				F478C63F28E889010090292F /* Preview Assets.xcassets in Resources */,
				F478C63C28E889010090292F /* Assets.xcassets in Resources */,
				F406A93E29352B000003C8A2 /* GoogleService-Info.plist in Resources */,
			);
			runOnlyForDeploymentPostprocessing = 0;
		};
/* End PBXResourcesBuildPhase section */

/* Begin PBXSourcesBuildPhase section */
		F478C63028E889000090292F /* Sources */ = {
			isa = PBXSourcesBuildPhase;
			buildActionMask = 2147483647;
			files = (
				F49810EB29168DF100680568 /* Quiz2View.swift in Sources */,
				F4A24DD0299D230C00CBDF56 /* SequenceIntroExp.swift in Sources */,
				F49EFBE7290B352A00B32086 /* Quiz0View.swift in Sources */,
				F4F04A262909133200DD05D9 /* QuizManager.swift in Sources */,
				F4F04A132906D93F00DD05D9 /* ImagePicker.swift in Sources */,
				F4A24DC42999160A00CBDF56 /* AcademicWritingViews.swift in Sources */,
				F4F04A2B2909174700DD05D9 /* QuizOptionGridView.swift in Sources */,
				F49810E92916830F00680568 /* Lesson2View.swift in Sources */,
				F478C63A28E889000090292F /* LoginView.swift in Sources */,
				F49810E72916830200680568 /* Lesson1View.swift in Sources */,
				F4F04A28290913CD00DD05D9 /* QuizModel.swift in Sources */,
				F4A4ACD52919AB190012522F /* LessonManager.swift in Sources */,
				F49810ED29168E1300680568 /* Quiz3View.swift in Sources */,
				F4A4ACD72919AD760012522F /* LessonSelectView.swift in Sources */,
				F4F04A182906EC4200DD05D9 /* ProfileView.swift in Sources */,
				F4A24DC22998467F00CBDF56 /* InteractiveViews.swift in Sources */,
				F4F04A23290894A000DD05D9 /* QuizView.swift in Sources */,
				F4A24DC02998175F00CBDF56 /* TextStyles.swift in Sources */,
				F4F04A2D290926E600DD05D9 /* QuizCompletedView.swift in Sources */,
				F4F04A162906E84700DD05D9 /* LandingPage.swift in Sources */,
				F478C63828E889000090292F /* firstTestApp.swift in Sources */,
				F49EFBE4290B1BBB00B32086 /* Lesson0View.swift in Sources */,
				F4A4ACD32919AAA20012522F /* LessonModel.swift in Sources */,
			);
			runOnlyForDeploymentPostprocessing = 0;
		};
/* End PBXSourcesBuildPhase section */

/* Begin XCBuildConfiguration section */
		F478C64028E889010090292F /* Debug */ = {
			isa = XCBuildConfiguration;
			buildSettings = {
				ALWAYS_SEARCH_USER_PATHS = NO;
				CLANG_ANALYZER_NONNULL = YES;
				CLANG_ANALYZER_NUMBER_OBJECT_CONVERSION = YES_AGGRESSIVE;
				CLANG_CXX_LANGUAGE_STANDARD = "gnu++17";
				CLANG_ENABLE_MODULES = YES;
				CLANG_ENABLE_OBJC_ARC = YES;
				CLANG_ENABLE_OBJC_WEAK = YES;
				CLANG_WARN_BLOCK_CAPTURE_AUTORELEASING = YES;
				CLANG_WARN_BOOL_CONVERSION = YES;
				CLANG_WARN_COMMA = YES;
				CLANG_WARN_CONSTANT_CONVERSION = YES;
				CLANG_WARN_DEPRECATED_OBJC_IMPLEMENTATIONS = YES;
				CLANG_WARN_DIRECT_OBJC_ISA_USAGE = YES_ERROR;
				CLANG_WARN_DOCUMENTATION_COMMENTS = YES;
				CLANG_WARN_EMPTY_BODY = YES;
				CLANG_WARN_ENUM_CONVERSION = YES;
				CLANG_WARN_INFINITE_RECURSION = YES;
				CLANG_WARN_INT_CONVERSION = YES;
				CLANG_WARN_NON_LITERAL_NULL_CONVERSION = YES;
				CLANG_WARN_OBJC_IMPLICIT_RETAIN_SELF = YES;
				CLANG_WARN_OBJC_LITERAL_CONVERSION = YES;
				CLANG_WARN_OBJC_ROOT_CLASS = YES_ERROR;
				CLANG_WARN_QUOTED_INCLUDE_IN_FRAMEWORK_HEADER = YES;
				CLANG_WARN_RANGE_LOOP_ANALYSIS = YES;
				CLANG_WARN_STRICT_PROTOTYPES = YES;
				CLANG_WARN_SUSPICIOUS_MOVE = YES;
				CLANG_WARN_UNGUARDED_AVAILABILITY = YES_AGGRESSIVE;
				CLANG_WARN_UNREACHABLE_CODE = YES;
				CLANG_WARN__DUPLICATE_METHOD_MATCH = YES;
				COPY_PHASE_STRIP = NO;
				DEBUG_INFORMATION_FORMAT = dwarf;
				ENABLE_STRICT_OBJC_MSGSEND = YES;
				ENABLE_TESTABILITY = YES;
				GCC_C_LANGUAGE_STANDARD = gnu11;
				GCC_DYNAMIC_NO_PIC = NO;
				GCC_NO_COMMON_BLOCKS = YES;
				GCC_OPTIMIZATION_LEVEL = 0;
				GCC_PREPROCESSOR_DEFINITIONS = (
					"DEBUG=1",
					"$(inherited)",
				);
				GCC_WARN_64_TO_32_BIT_CONVERSION = YES;
				GCC_WARN_ABOUT_RETURN_TYPE = YES_ERROR;
				GCC_WARN_UNDECLARED_SELECTOR = YES;
				GCC_WARN_UNINITIALIZED_AUTOS = YES_AGGRESSIVE;
				GCC_WARN_UNUSED_FUNCTION = YES;
				GCC_WARN_UNUSED_VARIABLE = YES;
				IPHONEOS_DEPLOYMENT_TARGET = 15.5;
				MTL_ENABLE_DEBUG_INFO = INCLUDE_SOURCE;
				MTL_FAST_MATH = YES;
				ONLY_ACTIVE_ARCH = YES;
				SDKROOT = iphoneos;
				SWIFT_ACTIVE_COMPILATION_CONDITIONS = DEBUG;
				SWIFT_OPTIMIZATION_LEVEL = "-Onone";
			};
			name = Debug;
		};
		F478C64128E889010090292F /* Release */ = {
			isa = XCBuildConfiguration;
			buildSettings = {
				ALWAYS_SEARCH_USER_PATHS = NO;
				CLANG_ANALYZER_NONNULL = YES;
				CLANG_ANALYZER_NUMBER_OBJECT_CONVERSION = YES_AGGRESSIVE;
				CLANG_CXX_LANGUAGE_STANDARD = "gnu++17";
				CLANG_ENABLE_MODULES = YES;
				CLANG_ENABLE_OBJC_ARC = YES;
				CLANG_ENABLE_OBJC_WEAK = YES;
				CLANG_WARN_BLOCK_CAPTURE_AUTORELEASING = YES;
				CLANG_WARN_BOOL_CONVERSION = YES;
				CLANG_WARN_COMMA = YES;
				CLANG_WARN_CONSTANT_CONVERSION = YES;
				CLANG_WARN_DEPRECATED_OBJC_IMPLEMENTATIONS = YES;
				CLANG_WARN_DIRECT_OBJC_ISA_USAGE = YES_ERROR;
				CLANG_WARN_DOCUMENTATION_COMMENTS = YES;
				CLANG_WARN_EMPTY_BODY = YES;
				CLANG_WARN_ENUM_CONVERSION = YES;
				CLANG_WARN_INFINITE_RECURSION = YES;
				CLANG_WARN_INT_CONVERSION = YES;
				CLANG_WARN_NON_LITERAL_NULL_CONVERSION = YES;
				CLANG_WARN_OBJC_IMPLICIT_RETAIN_SELF = YES;
				CLANG_WARN_OBJC_LITERAL_CONVERSION = YES;
				CLANG_WARN_OBJC_ROOT_CLASS = YES_ERROR;
				CLANG_WARN_QUOTED_INCLUDE_IN_FRAMEWORK_HEADER = YES;
				CLANG_WARN_RANGE_LOOP_ANALYSIS = YES;
				CLANG_WARN_STRICT_PROTOTYPES = YES;
				CLANG_WARN_SUSPICIOUS_MOVE = YES;
				CLANG_WARN_UNGUARDED_AVAILABILITY = YES_AGGRESSIVE;
				CLANG_WARN_UNREACHABLE_CODE = YES;
				CLANG_WARN__DUPLICATE_METHOD_MATCH = YES;
				COPY_PHASE_STRIP = NO;
				DEBUG_INFORMATION_FORMAT = "dwarf-with-dsym";
				ENABLE_NS_ASSERTIONS = NO;
				ENABLE_STRICT_OBJC_MSGSEND = YES;
				GCC_C_LANGUAGE_STANDARD = gnu11;
				GCC_NO_COMMON_BLOCKS = YES;
				GCC_WARN_64_TO_32_BIT_CONVERSION = YES;
				GCC_WARN_ABOUT_RETURN_TYPE = YES_ERROR;
				GCC_WARN_UNDECLARED_SELECTOR = YES;
				GCC_WARN_UNINITIALIZED_AUTOS = YES_AGGRESSIVE;
				GCC_WARN_UNUSED_FUNCTION = YES;
				GCC_WARN_UNUSED_VARIABLE = YES;
				IPHONEOS_DEPLOYMENT_TARGET = 15.5;
				MTL_ENABLE_DEBUG_INFO = NO;
				MTL_FAST_MATH = YES;
				SDKROOT = iphoneos;
				SWIFT_COMPILATION_MODE = wholemodule;
				SWIFT_OPTIMIZATION_LEVEL = "-O";
				VALIDATE_PRODUCT = YES;
			};
			name = Release;
		};
		F478C64328E889010090292F /* Debug */ = {
			isa = XCBuildConfiguration;
			buildSettings = {
				ASSETCATALOG_COMPILER_APPICON_NAME = AppIcon;
				ASSETCATALOG_COMPILER_GLOBAL_ACCENT_COLOR_NAME = AccentColor;
				CODE_SIGN_STYLE = Automatic;
				CURRENT_PROJECT_VERSION = 1;
				DEVELOPMENT_ASSET_PATHS = "\"firstTest/Preview Content\"";
				DEVELOPMENT_TEAM = 3CD57Q5Z69;
				ENABLE_PREVIEWS = YES;
				GENERATE_INFOPLIST_FILE = YES;
				INFOPLIST_KEY_UIApplicationSceneManifest_Generation = YES;
				INFOPLIST_KEY_UIApplicationSupportsIndirectInputEvents = YES;
				INFOPLIST_KEY_UILaunchScreen_Generation = YES;
				INFOPLIST_KEY_UISupportedInterfaceOrientations_iPad = "UIInterfaceOrientationPortrait UIInterfaceOrientationPortraitUpsideDown UIInterfaceOrientationLandscapeLeft UIInterfaceOrientationLandscapeRight";
				INFOPLIST_KEY_UISupportedInterfaceOrientations_iPhone = "UIInterfaceOrientationPortrait UIInterfaceOrientationLandscapeLeft UIInterfaceOrientationLandscapeRight";
				LD_RUNPATH_SEARCH_PATHS = (
					"$(inherited)",
					"@executable_path/Frameworks",
				);
				MARKETING_VERSION = 1.0;
				PRODUCT_BUNDLE_IDENTIFIER = Norbertas.firstTest;
				PRODUCT_NAME = "$(TARGET_NAME)";
				SWIFT_EMIT_LOC_STRINGS = YES;
				SWIFT_VERSION = 5.0;
				TARGETED_DEVICE_FAMILY = "1,2";
			};
			name = Debug;
		};
		F478C64428E889010090292F /* Release */ = {
			isa = XCBuildConfiguration;
			buildSettings = {
				ASSETCATALOG_COMPILER_APPICON_NAME = AppIcon;
				ASSETCATALOG_COMPILER_GLOBAL_ACCENT_COLOR_NAME = AccentColor;
				CODE_SIGN_STYLE = Automatic;
				CURRENT_PROJECT_VERSION = 1;
				DEVELOPMENT_ASSET_PATHS = "\"firstTest/Preview Content\"";
				DEVELOPMENT_TEAM = 3CD57Q5Z69;
				ENABLE_PREVIEWS = YES;
				GENERATE_INFOPLIST_FILE = YES;
				INFOPLIST_KEY_UIApplicationSceneManifest_Generation = YES;
				INFOPLIST_KEY_UIApplicationSupportsIndirectInputEvents = YES;
				INFOPLIST_KEY_UILaunchScreen_Generation = YES;
				INFOPLIST_KEY_UISupportedInterfaceOrientations_iPad = "UIInterfaceOrientationPortrait UIInterfaceOrientationPortraitUpsideDown UIInterfaceOrientationLandscapeLeft UIInterfaceOrientationLandscapeRight";
				INFOPLIST_KEY_UISupportedInterfaceOrientations_iPhone = "UIInterfaceOrientationPortrait UIInterfaceOrientationLandscapeLeft UIInterfaceOrientationLandscapeRight";
				LD_RUNPATH_SEARCH_PATHS = (
					"$(inherited)",
					"@executable_path/Frameworks",
				);
				MARKETING_VERSION = 1.0;
				PRODUCT_BUNDLE_IDENTIFIER = Norbertas.firstTest;
				PRODUCT_NAME = "$(TARGET_NAME)";
				SWIFT_EMIT_LOC_STRINGS = YES;
				SWIFT_VERSION = 5.0;
				TARGETED_DEVICE_FAMILY = "1,2";
			};
			name = Release;
		};
/* End XCBuildConfiguration section */

/* Begin XCConfigurationList section */
		F478C62F28E889000090292F /* Build configuration list for PBXProject "firstTest" */ = {
			isa = XCConfigurationList;
			buildConfigurations = (
				F478C64028E889010090292F /* Debug */,
				F478C64128E889010090292F /* Release */,
			);
			defaultConfigurationIsVisible = 0;
			defaultConfigurationName = Release;
		};
		F478C64228E889010090292F /* Build configuration list for PBXNativeTarget "firstTest" */ = {
			isa = XCConfigurationList;
			buildConfigurations = (
				F478C64328E889010090292F /* Debug */,
				F478C64428E889010090292F /* Release */,
			);
			defaultConfigurationIsVisible = 0;
			defaultConfigurationName = Release;
		};
/* End XCConfigurationList section */

/* Begin XCRemoteSwiftPackageReference section */
		F4A24DC5299A45DB00CBDF56 /* XCRemoteSwiftPackageReference "CodeViewer" */ = {
			isa = XCRemoteSwiftPackageReference;
			repositoryURL = "https://github.com/dwarvesf/CodeViewer";
			requirement = {
				kind = upToNextMajorVersion;
				minimumVersion = 1.0.0;
			};
		};
		F4A24DC8299A46F200CBDF56 /* XCRemoteSwiftPackageReference "RichTextView" */ = {
			isa = XCRemoteSwiftPackageReference;
			repositoryURL = "https://github.com/tophat/RichTextView";
			requirement = {
				kind = upToNextMajorVersion;
				minimumVersion = 3.0.0;
			};
		};
		F4F04A1B2907DF8800DD05D9 /* XCRemoteSwiftPackageReference "firebase-ios-sdk" */ = {
			isa = XCRemoteSwiftPackageReference;
			repositoryURL = "https://github.com/firebase/firebase-ios-sdk.git";
			requirement = {
				kind = upToNextMajorVersion;
				minimumVersion = 9.0.0;
			};
		};
/* End XCRemoteSwiftPackageReference section */

/* Begin XCSwiftPackageProductDependency section */
		F4A24DC6299A45DB00CBDF56 /* CodeViewer */ = {
			isa = XCSwiftPackageProductDependency;
			package = F4A24DC5299A45DB00CBDF56 /* XCRemoteSwiftPackageReference "CodeViewer" */;
			productName = CodeViewer;
		};
		F4A24DC9299A46F200CBDF56 /* RichTextView */ = {
			isa = XCSwiftPackageProductDependency;
			package = F4A24DC8299A46F200CBDF56 /* XCRemoteSwiftPackageReference "RichTextView" */;
			productName = RichTextView;
		};
		F4F04A1C2907DF8800DD05D9 /* FirebaseAuth */ = {
			isa = XCSwiftPackageProductDependency;
			package = F4F04A1B2907DF8800DD05D9 /* XCRemoteSwiftPackageReference "firebase-ios-sdk" */;
			productName = FirebaseAuth;
		};
		F4F04A1E2907DF8800DD05D9 /* FirebaseFirestoreSwift */ = {
			isa = XCSwiftPackageProductDependency;
			package = F4F04A1B2907DF8800DD05D9 /* XCRemoteSwiftPackageReference "firebase-ios-sdk" */;
			productName = FirebaseFirestoreSwift;
		};
		F4F04A202907DF8800DD05D9 /* FirebaseStorage */ = {
			isa = XCSwiftPackageProductDependency;
			package = F4F04A1B2907DF8800DD05D9 /* XCRemoteSwiftPackageReference "firebase-ios-sdk" */;
			productName = FirebaseStorage;
		};
/* End XCSwiftPackageProductDependency section */
	};
	rootObject = F478C62C28E889000090292F /* Project object */;
}
